
Microsoft Visual Studio Solution File, Format Version 12.00
# Visual Studio Version 17
VisualStudioVersion = 17.1.32328.378
MinimumVisualStudioVersion = 10.0.40219.1
Project("{FAE04EC0-301F-11D3-BF4B-00C04F79EFBC}") = "RestwithASP-NET6Udemy", "RestwithASP-NET6Udemy\RestwithASP-NET6Udemy.csproj", "{27F5B525-D530-48FB-938F-33206F22A1CE}"
EndProject
Global
	GlobalSection(SolutionConfigurationPlatforms) = preSolution
		Debug|Any CPU = Debug|Any CPU
		Release|Any CPU = Release|Any CPU
	EndGlobalSection
	GlobalSection(ProjectConfigurationPlatforms) = postSolution
		{27F5B525-D530-48FB-938F-33206F22A1CE}.Debug|Any CPU.ActiveCfg = Debug|Any CPU
		{27F5B525-D530-48FB-938F-33206F22A1CE}.Debug|Any CPU.Build.0 = Debug|Any CPU
		{27F5B525-D530-48FB-938F-33206F22A1CE}.Release|Any CPU.ActiveCfg = Release|Any CPU
		{27F5B525-D530-48FB-938F-33206F22A1CE}.Release|Any CPU.Build.0 = Release|Any CPU
	EndGlobalSection
	GlobalSection(SolutionProperties) = preSolution
		HideSolutionNode = FALSE
	EndGlobalSection
	GlobalSection(ExtensibilityGlobals) = postSolution
		SolutionGuid = {9E05B175-8B85-4FDB-B140-D1E2D6320570}
	EndGlobalSection
EndGlobal
